
Microsoft Visual Studio Solution File, Format Version 12.00
# Visual Studio Version 17
VisualStudioVersion = 17.9.34616.47
MinimumVisualStudioVersion = 10.0.40219.1
Project("{8BC9CEB8-8B4A-11D0-8D11-00A0C91BC942}") = "minogakopenmap", "minogakopenmap\minogakopenmap.vcxproj", "{8F925292-4DAC-4956-9ECD-AB2B60B80CED}"
EndProject
Project("{8BC9CEB8-8B4A-11D0-8D11-00A0C91BC942}") = "staticfunction", "staticfunction\staticfunction.vcxproj", "{328D6511-4E34-4181-933C-30B46AC0EC72}"
EndProject
Project("{8BC9CEB8-8B4A-11D0-8D11-00A0C91BC942}") = "construktor", "construktor\construktor.vcxproj", "{0BBC5E75-BABD-40EC-890D-46F0687A6DFE}"
EndProject
Project("{8BC9CEB8-8B4A-11D0-8D11-00A0C91BC942}") = "destructor", "destructor\destructor.vcxproj", "{0A6DF416-85DE-4349-A44A-9A8117DD6A04}"
EndProject
Global
	GlobalSection(SolutionConfigurationPlatforms) = preSolution
		Debug|x64 = Debug|x64
		Debug|x86 = Debug|x86
		Release|x64 = Release|x64
		Release|x86 = Release|x86
	EndGlobalSection
	GlobalSection(ProjectConfigurationPlatforms) = postSolution
		{8F925292-4DAC-4956-9ECD-AB2B60B80CED}.Debug|x64.ActiveCfg = Debug|x64
		{8F925292-4DAC-4956-9ECD-AB2B60B80CED}.Debug|x64.Build.0 = Debug|x64
		{8F925292-4DAC-4956-9ECD-AB2B60B80CED}.Debug|x86.ActiveCfg = Debug|Win32
		{8F925292-4DAC-4956-9ECD-AB2B60B80CED}.Debug|x86.Build.0 = Debug|Win32
		{8F925292-4DAC-4956-9ECD-AB2B60B80CED}.Release|x64.ActiveCfg = Release|x64
		{8F925292-4DAC-4956-9ECD-AB2B60B80CED}.Release|x64.Build.0 = Release|x64
		{8F925292-4DAC-4956-9ECD-AB2B60B80CED}.Release|x86.ActiveCfg = Release|Win32
		{8F925292-4DAC-4956-9ECD-AB2B60B80CED}.Release|x86.Build.0 = Release|Win32
		{328D6511-4E34-4181-933C-30B46AC0EC72}.Debug|x64.ActiveCfg = Debug|x64
		{328D6511-4E34-4181-933C-30B46AC0EC72}.Debug|x64.Build.0 = Debug|x64
		{328D6511-4E34-4181-933C-30B46AC0EC72}.Debug|x86.ActiveCfg = Debug|Win32
		{328D6511-4E34-4181-933C-30B46AC0EC72}.Debug|x86.Build.0 = Debug|Win32
		{328D6511-4E34-4181-933C-30B46AC0EC72}.Release|x64.ActiveCfg = Release|x64
		{328D6511-4E34-4181-933C-30B46AC0EC72}.Release|x64.Build.0 = Release|x64
		{328D6511-4E34-4181-933C-30B46AC0EC72}.Release|x86.ActiveCfg = Release|Win32
		{328D6511-4E34-4181-933C-30B46AC0EC72}.Release|x86.Build.0 = Release|Win32
		{0BBC5E75-BABD-40EC-890D-46F0687A6DFE}.Debug|x64.ActiveCfg = Debug|x64
		{0BBC5E75-BABD-40EC-890D-46F0687A6DFE}.Debug|x64.Build.0 = Debug|x64
		{0BBC5E75-BABD-40EC-890D-46F0687A6DFE}.Debug|x86.ActiveCfg = Debug|Win32
		{0BBC5E75-BABD-40EC-890D-46F0687A6DFE}.Debug|x86.Build.0 = Debug|Win32
		{0BBC5E75-BABD-40EC-890D-46F0687A6DFE}.Release|x64.ActiveCfg = Release|x64
		{0BBC5E75-BABD-40EC-890D-46F0687A6DFE}.Release|x64.Build.0 = Release|x64
		{0BBC5E75-BABD-40EC-890D-46F0687A6DFE}.Release|x86.ActiveCfg = Release|Win32
		{0BBC5E75-BABD-40EC-890D-46F0687A6DFE}.Release|x86.Build.0 = Release|Win32
		{0A6DF416-85DE-4349-A44A-9A8117DD6A04}.Debug|x64.ActiveCfg = Debug|x64
		{0A6DF416-85DE-4349-A44A-9A8117DD6A04}.Debug|x64.Build.0 = Debug|x64
		{0A6DF416-85DE-4349-A44A-9A8117DD6A04}.Debug|x86.ActiveCfg = Debug|Win32
		{0A6DF416-85DE-4349-A44A-9A8117DD6A04}.Debug|x86.Build.0 = Debug|Win32
		{0A6DF416-85DE-4349-A44A-9A8117DD6A04}.Release|x64.ActiveCfg = Release|x64
		{0A6DF416-85DE-4349-A44A-9A8117DD6A04}.Release|x64.Build.0 = Release|x64
		{0A6DF416-85DE-4349-A44A-9A8117DD6A04}.Release|x86.ActiveCfg = Release|Win32
		{0A6DF416-85DE-4349-A44A-9A8117DD6A04}.Release|x86.Build.0 = Release|Win32
	EndGlobalSection
	GlobalSection(SolutionProperties) = preSolution
		HideSolutionNode = FALSE
	EndGlobalSection
	GlobalSection(ExtensibilityGlobals) = postSolution
		SolutionGuid = {F3B62B98-E08A-451A-8DA0-7614243A2693}
	EndGlobalSection
EndGlobal
